
Microsoft Visual Studio Solution File, Format Version 12.00
# Visual Studio Version 16
VisualStudioVersion = 16.0.31005.135
MinimumVisualStudioVersion = 10.0.40219.1
Project("{FAE04EC0-301F-11D3-BF4B-00C04F79EFBC}") = "SG_1", "SG_1\SG_1.csproj", "{B85717B8-CA55-4CEA-89D2-1F9033F76399}"
EndProject
Global
	GlobalSection(SolutionConfigurationPlatforms) = preSolution
		Debug|Any CPU = Debug|Any CPU
		Release|Any CPU = Release|Any CPU
	EndGlobalSection
	GlobalSection(ProjectConfigurationPlatforms) = postSolution
		{B85717B8-CA55-4CEA-89D2-1F9033F76399}.Debug|Any CPU.ActiveCfg = Debug|Any CPU
		{B85717B8-CA55-4CEA-89D2-1F9033F76399}.Debug|Any CPU.Build.0 = Debug|Any CPU
		{B85717B8-CA55-4CEA-89D2-1F9033F76399}.Release|Any CPU.ActiveCfg = Release|Any CPU
		{B85717B8-CA55-4CEA-89D2-1F9033F76399}.Release|Any CPU.Build.0 = Release|Any CPU
	EndGlobalSection
	GlobalSection(SolutionProperties) = preSolution
		HideSolutionNode = FALSE
	EndGlobalSection
	GlobalSection(ExtensibilityGlobals) = postSolution
		SolutionGuid = {E652248C-EA9B-49AF-95DE-F5FC18785D20}
	EndGlobalSection
EndGlobal
